// !$*UTF8*$!
{
	archiveVersion = 1;
	classes = {
	};
	objectVersion = 50;
	objects = {

/* Begin PBXBuildFile section */
		1DD2CDD78BFB19ACDE570338 /* Pods_NoBurns.framework in Frameworks */ = {isa = PBXBuildFile; fileRef = 1160EC502A5C64F0E117982F /* Pods_NoBurns.framework */; };
		2F3E186520BB2DC600C66F9A /* AppDelegate.swift in Sources */ = {isa = PBXBuildFile; fileRef = 2F3E186420BB2DC600C66F9A /* AppDelegate.swift */; };
		2F3E186720BB2DC600C66F9A /* ViewController.swift in Sources */ = {isa = PBXBuildFile; fileRef = 2F3E186620BB2DC600C66F9A /* ViewController.swift */; };
		2F3E186A20BB2DC600C66F9A /* Main.storyboard in Resources */ = {isa = PBXBuildFile; fileRef = 2F3E186820BB2DC600C66F9A /* Main.storyboard */; };
		2F3E186D20BB2DC600C66F9A /* NoBurns.xcdatamodeld in Sources */ = {isa = PBXBuildFile; fileRef = 2F3E186B20BB2DC600C66F9A /* NoBurns.xcdatamodeld */; };
		2F3E186F20BB2DCA00C66F9A /* Assets.xcassets in Resources */ = {isa = PBXBuildFile; fileRef = 2F3E186E20BB2DCA00C66F9A /* Assets.xcassets */; };
		2F3E187220BB2DCA00C66F9A /* LaunchScreen.storyboard in Resources */ = {isa = PBXBuildFile; fileRef = 2F3E187020BB2DCA00C66F9A /* LaunchScreen.storyboard */; };
		2F3E187A20BB387500C66F9A /* Utilities.swift in Sources */ = {isa = PBXBuildFile; fileRef = 2F3E187920BB387500C66F9A /* Utilities.swift */; };
		2F3E187C20BC569600C66F9A /* Alamofire.framework in Frameworks */ = {isa = PBXBuildFile; fileRef = 2F3E187B20BC569600C66F9A /* Alamofire.framework */; settings = {ATTRIBUTES = (Required, ); }; };
		2F3E187E20BC58A400C66F9A /* Constants.swift in Sources */ = {isa = PBXBuildFile; fileRef = 2F3E187D20BC58A400C66F9A /* Constants.swift */; };
/* End PBXBuildFile section */

/* Begin PBXFileReference section */
		1160EC502A5C64F0E117982F /* Pods_NoBurns.framework */ = {isa = PBXFileReference; explicitFileType = wrapper.framework; includeInIndex = 0; path = Pods_NoBurns.framework; sourceTree = BUILT_PRODUCTS_DIR; };
		2F3E186120BB2DC600C66F9A /* NoBurns.app */ = {isa = PBXFileReference; explicitFileType = wrapper.application; includeInIndex = 0; path = NoBurns.app; sourceTree = BUILT_PRODUCTS_DIR; };
		2F3E186420BB2DC600C66F9A /* AppDelegate.swift */ = {isa = PBXFileReference; lastKnownFileType = sourcecode.swift; path = AppDelegate.swift; sourceTree = "<group>"; };
		2F3E186620BB2DC600C66F9A /* ViewController.swift */ = {isa = PBXFileReference; lastKnownFileType = sourcecode.swift; path = ViewController.swift; sourceTree = "<group>"; };
		2F3E186920BB2DC600C66F9A /* Base */ = {isa = PBXFileReference; lastKnownFileType = file.storyboard; name = Base; path = Base.lproj/Main.storyboard; sourceTree = "<group>"; };
		2F3E186C20BB2DC600C66F9A /* NoBurns.xcdatamodel */ = {isa = PBXFileReference; lastKnownFileType = wrapper.xcdatamodel; path = NoBurns.xcdatamodel; sourceTree = "<group>"; };
		2F3E186E20BB2DCA00C66F9A /* Assets.xcassets */ = {isa = PBXFileReference; lastKnownFileType = folder.assetcatalog; path = Assets.xcassets; sourceTree = "<group>"; };
		2F3E187120BB2DCA00C66F9A /* Base */ = {isa = PBXFileReference; lastKnownFileType = file.storyboard; name = Base; path = Base.lproj/LaunchScreen.storyboard; sourceTree = "<group>"; };
		2F3E187320BB2DCA00C66F9A /* Info.plist */ = {isa = PBXFileReference; lastKnownFileType = text.plist.xml; path = Info.plist; sourceTree = "<group>"; };
		2F3E187920BB387500C66F9A /* Utilities.swift */ = {isa = PBXFileReference; lastKnownFileType = sourcecode.swift; path = Utilities.swift; sourceTree = "<group>"; };
		2F3E187B20BC569600C66F9A /* Alamofire.framework */ = {isa = PBXFileReference; explicitFileType = wrapper.framework; path = Alamofire.framework; sourceTree = BUILT_PRODUCTS_DIR; };
		2F3E187D20BC58A400C66F9A /* Constants.swift */ = {isa = PBXFileReference; lastKnownFileType = sourcecode.swift; path = Constants.swift; sourceTree = "<group>"; };
		6BA0B525F4BE64F9F79328EC /* Pods-NoBurns.release.xcconfig */ = {isa = PBXFileReference; includeInIndex = 1; lastKnownFileType = text.xcconfig; name = "Pods-NoBurns.release.xcconfig"; path = "Pods/Target Support Files/Pods-NoBurns/Pods-NoBurns.release.xcconfig"; sourceTree = "<group>"; };
		C5DB7AA2C613D253423B3082 /* Pods-NoBurns.debug.xcconfig */ = {isa = PBXFileReference; includeInIndex = 1; lastKnownFileType = text.xcconfig; name = "Pods-NoBurns.debug.xcconfig"; path = "Pods/Target Support Files/Pods-NoBurns/Pods-NoBurns.debug.xcconfig"; sourceTree = "<group>"; };
/* End PBXFileReference section */

/* Begin PBXFrameworksBuildPhase section */
		2F3E185E20BB2DC600C66F9A /* Frameworks */ = {
			isa = PBXFrameworksBuildPhase;
			buildActionMask = 2147483647;
			files = (
				2F3E187C20BC569600C66F9A /* Alamofire.framework in Frameworks */,
				1DD2CDD78BFB19ACDE570338 /* Pods_NoBurns.framework in Frameworks */,
			);
			runOnlyForDeploymentPostprocessing = 0;
		};
/* End PBXFrameworksBuildPhase section */

/* Begin PBXGroup section */
		2F3E185820BB2DC600C66F9A = {
			isa = PBXGroup;
			children = (
				2F3E186320BB2DC600C66F9A /* NoBurns */,
				2F3E186220BB2DC600C66F9A /* Products */,
				D52675C0A6930D35B3FE241F /* Pods */,
				5C3F220A647D1A3A5F6DCEBA /* Frameworks */,
			);
			sourceTree = "<group>";
		};
		2F3E186220BB2DC600C66F9A /* Products */ = {
			isa = PBXGroup;
			children = (
				2F3E186120BB2DC600C66F9A /* NoBurns.app */,
			);
			name = Products;
			sourceTree = "<group>";
		};
		2F3E186320BB2DC600C66F9A /* NoBurns */ = {
			isa = PBXGroup;
			children = (
				2F3E186420BB2DC600C66F9A /* AppDelegate.swift */,
				2F3E186620BB2DC600C66F9A /* ViewController.swift */,
				2F3E186820BB2DC600C66F9A /* Main.storyboard */,
				2F3E186E20BB2DCA00C66F9A /* Assets.xcassets */,
				2F3E187020BB2DCA00C66F9A /* LaunchScreen.storyboard */,
				2F3E187320BB2DCA00C66F9A /* Info.plist */,
				2F3E186B20BB2DC600C66F9A /* NoBurns.xcdatamodeld */,
				2F3E187920BB387500C66F9A /* Utilities.swift */,
				2F3E187D20BC58A400C66F9A /* Constants.swift */,
			);
			path = NoBurns;
			sourceTree = "<group>";
		};
		5C3F220A647D1A3A5F6DCEBA /* Frameworks */ = {
			isa = PBXGroup;
			children = (
				2F3E187B20BC569600C66F9A /* Alamofire.framework */,
				1160EC502A5C64F0E117982F /* Pods_NoBurns.framework */,
			);
			name = Frameworks;
			sourceTree = "<group>";
		};
		D52675C0A6930D35B3FE241F /* Pods */ = {
			isa = PBXGroup;
			children = (
				C5DB7AA2C613D253423B3082 /* Pods-NoBurns.debug.xcconfig */,
				6BA0B525F4BE64F9F79328EC /* Pods-NoBurns.release.xcconfig */,
			);
			name = Pods;
			sourceTree = "<group>";
		};
/* End PBXGroup section */

/* Begin PBXNativeTarget section */
		2F3E186020BB2DC600C66F9A /* NoBurns */ = {
			isa = PBXNativeTarget;
			buildConfigurationList = 2F3E187620BB2DCA00C66F9A /* Build configuration list for PBXNativeTarget "NoBurns" */;
			buildPhases = (
				6EB215D7074B3476F1468987 /* [CP] Check Pods Manifest.lock */,
				2F3E185D20BB2DC600C66F9A /* Sources */,
				2F3E185E20BB2DC600C66F9A /* Frameworks */,
				2F3E185F20BB2DC600C66F9A /* Resources */,
				F46E4887D095095A4E454FA5 /* [CP] Embed Pods Frameworks */,
			);
			buildRules = (
			);
			dependencies = (
			);
			name = NoBurns;
			productName = NoBurns;
			productReference = 2F3E186120BB2DC600C66F9A /* NoBurns.app */;
			productType = "com.apple.product-type.application";
		};
/* End PBXNativeTarget section */

/* Begin PBXProject section */
		2F3E185920BB2DC600C66F9A /* Project object */ = {
			isa = PBXProject;
			attributes = {
				LastSwiftUpdateCheck = 0930;
				LastUpgradeCheck = 0930;
				ORGANIZATIONNAME = "Armin Spahic";
				TargetAttributes = {
					2F3E186020BB2DC600C66F9A = {
						CreatedOnToolsVersion = 9.3;
					};
				};
			};
			buildConfigurationList = 2F3E185C20BB2DC600C66F9A /* Build configuration list for PBXProject "NoBurns" */;
			compatibilityVersion = "Xcode 9.3";
			developmentRegion = en;
			hasScannedForEncodings = 0;
			knownRegions = (
				en,
				Base,
			);
			mainGroup = 2F3E185820BB2DC600C66F9A;
			productRefGroup = 2F3E186220BB2DC600C66F9A /* Products */;
			projectDirPath = "";
			projectRoot = "";
			targets = (
				2F3E186020BB2DC600C66F9A /* NoBurns */,
			);
		};
/* End PBXProject section */

/* Begin PBXResourcesBuildPhase section */
		2F3E185F20BB2DC600C66F9A /* Resources */ = {
			isa = PBXResourcesBuildPhase;
			buildActionMask = 2147483647;
			files = (
				2F3E187220BB2DCA00C66F9A /* LaunchScreen.storyboard in Resources */,
				2F3E186F20BB2DCA00C66F9A /* Assets.xcassets in Resources */,
				2F3E186A20BB2DC600C66F9A /* Main.storyboard in Resources */,
			);
			runOnlyForDeploymentPostprocessing = 0;
		};
/* End PBXResourcesBuildPhase section */

/* Begin PBXShellScriptBuildPhase section */
		6EB215D7074B3476F1468987 /* [CP] Check Pods Manifest.lock */ = {
			isa = PBXShellScriptBuildPhase;
			buildActionMask = 2147483647;
			files = (
			);
			inputPaths = (
				"${PODS_PODFILE_DIR_PATH}/Podfile.lock",
				"${PODS_ROOT}/Manifest.lock",
			);
			name = "[CP] Check Pods Manifest.lock";
			outputPaths = (
				"$(DERIVED_FILE_DIR)/Pods-NoBurns-checkManifestLockResult.txt",
			);
			runOnlyForDeploymentPostprocessing = 0;
			shellPath = /bin/sh;
			shellScript = "diff \"${PODS_PODFILE_DIR_PATH}/Podfile.lock\" \"${PODS_ROOT}/Manifest.lock\" > /dev/null\nif [ $? != 0 ] ; then\n    # print error to STDERR\n    echo \"error: The sandbox is not in sync with the Podfile.lock. Run 'pod install' or update your CocoaPods installation.\" >&2\n    exit 1\nfi\n# This output is used by Xcode 'outputs' to avoid re-running this script phase.\necho \"SUCCESS\" > \"${SCRIPT_OUTPUT_FILE_0}\"\n";
			showEnvVarsInLog = 0;
		};
		F46E4887D095095A4E454FA5 /* [CP] Embed Pods Frameworks */ = {
			isa = PBXShellScriptBuildPhase;
			buildActionMask = 2147483647;
			files = (
			);
			inputPaths = (
				"${SRCROOT}/Pods/Target Support Files/Pods-NoBurns/Pods-NoBurns-frameworks.sh",
				"${BUILT_PRODUCTS_DIR}/Alamofire/Alamofire.framework",
				"${BUILT_PRODUCTS_DIR}/SwiftyJSON/SwiftyJSON.framework",
			);
			name = "[CP] Embed Pods Frameworks";
			outputPaths = (
				"${TARGET_BUILD_DIR}/${FRAMEWORKS_FOLDER_PATH}/Alamofire.framework",
				"${TARGET_BUILD_DIR}/${FRAMEWORKS_FOLDER_PATH}/SwiftyJSON.framework",
			);
			runOnlyForDeploymentPostprocessing = 0;
			shellPath = /bin/sh;
			shellScript = "\"${SRCROOT}/Pods/Target Support Files/Pods-NoBurns/Pods-NoBurns-frameworks.sh\"\n";
			showEnvVarsInLog = 0;
		};
/* End PBXShellScriptBuildPhase section */

/* Begin PBXSourcesBuildPhase section */
		2F3E185D20BB2DC600C66F9A /* Sources */ = {
			isa = PBXSourcesBuildPhase;
			buildActionMask = 2147483647;
			files = (
				2F3E187E20BC58A400C66F9A /* Constants.swift in Sources */,
				2F3E186D20BB2DC600C66F9A /* NoBurns.xcdatamodeld in Sources */,
				2F3E186720BB2DC600C66F9A /* ViewController.swift in Sources */,
				2F3E187A20BB387500C66F9A /* Utilities.swift in Sources */,
				2F3E186520BB2DC600C66F9A /* AppDelegate.swift in Sources */,
			);
			runOnlyForDeploymentPostprocessing = 0;
		};
/* End PBXSourcesBuildPhase section */

/* Begin PBXVariantGroup section */
		2F3E186820BB2DC600C66F9A /* Main.storyboard */ = {
			isa = PBXVariantGroup;
			children = (
				2F3E186920BB2DC600C66F9A /* Base */,
			);
			name = Main.storyboard;
			sourceTree = "<group>";
		};
		2F3E187020BB2DCA00C66F9A /* LaunchScreen.storyboard */ = {
			isa = PBXVariantGroup;
			children = (
				2F3E187120BB2DCA00C66F9A /* Base */,
			);
			name = LaunchScreen.storyboard;
			sourceTree = "<group>";
		};
/* End PBXVariantGroup section */

/* Begin XCBuildConfiguration section */
		2F3E187420BB2DCA00C66F9A /* Debug */ = {
			isa = XCBuildConfiguration;
			buildSettings = {
				ALWAYS_SEARCH_USER_PATHS = NO;
				CLANG_ANALYZER_NONNULL = YES;
				CLANG_ANALYZER_NUMBER_OBJECT_CONVERSION = YES_AGGRESSIVE;
				CLANG_CXX_LANGUAGE_STANDARD = "gnu++14";
				CLANG_CXX_LIBRARY = "libc++";
				CLANG_ENABLE_MODULES = YES;
				CLANG_ENABLE_OBJC_ARC = YES;
				CLANG_ENABLE_OBJC_WEAK = YES;
				CLANG_WARN_BLOCK_CAPTURE_AUTORELEASING = YES;
				CLANG_WARN_BOOL_CONVERSION = YES;
				CLANG_WARN_COMMA = YES;
				CLANG_WARN_CONSTANT_CONVERSION = YES;
				CLANG_WARN_DEPRECATED_OBJC_IMPLEMENTATIONS = YES;
				CLANG_WARN_DIRECT_OBJC_ISA_USAGE = YES_ERROR;
				CLANG_WARN_DOCUMENTATION_COMMENTS = YES;
				CLANG_WARN_EMPTY_BODY = YES;
				CLANG_WARN_ENUM_CONVERSION = YES;
				CLANG_WARN_INFINITE_RECURSION = YES;
				CLANG_WARN_INT_CONVERSION = YES;
				CLANG_WARN_NON_LITERAL_NULL_CONVERSION = YES;
				CLANG_WARN_OBJC_IMPLICIT_RETAIN_SELF = YES;
				CLANG_WARN_OBJC_LITERAL_CONVERSION = YES;
				CLANG_WARN_OBJC_ROOT_CLASS = YES_ERROR;
				CLANG_WARN_RANGE_LOOP_ANALYSIS = YES;
				CLANG_WARN_STRICT_PROTOTYPES = YES;
				CLANG_WARN_SUSPICIOUS_MOVE = YES;
				CLANG_WARN_UNGUARDED_AVAILABILITY = YES_AGGRESSIVE;
				CLANG_WARN_UNREACHABLE_CODE = YES;
				CLANG_WARN__DUPLICATE_METHOD_MATCH = YES;
				CODE_SIGN_IDENTITY = "iPhone Developer";
				COPY_PHASE_STRIP = NO;
				DEBUG_INFORMATION_FORMAT = dwarf;
				ENABLE_STRICT_OBJC_MSGSEND = YES;
				ENABLE_TESTABILITY = YES;
				GCC_C_LANGUAGE_STANDARD = gnu11;
				GCC_DYNAMIC_NO_PIC = NO;
				GCC_NO_COMMON_BLOCKS = YES;
				GCC_OPTIMIZATION_LEVEL = 0;
				GCC_PREPROCESSOR_DEFINITIONS = (
					"DEBUG=1",
					"$(inherited)",
				);
				GCC_WARN_64_TO_32_BIT_CONVERSION = YES;
				GCC_WARN_ABOUT_RETURN_TYPE = YES_ERROR;
				GCC_WARN_UNDECLARED_SELECTOR = YES;
				GCC_WARN_UNINITIALIZED_AUTOS = YES_AGGRESSIVE;
				GCC_WARN_UNUSED_FUNCTION = YES;
				GCC_WARN_UNUSED_VARIABLE = YES;
				IPHONEOS_DEPLOYMENT_TARGET = 11.3;
				MTL_ENABLE_DEBUG_INFO = YES;
				ONLY_ACTIVE_ARCH = YES;
				SDKROOT = iphoneos;
				SWIFT_ACTIVE_COMPILATION_CONDITIONS = DEBUG;
				SWIFT_OPTIMIZATION_LEVEL = "-Onone";
			};
			name = Debug;
		};
		2F3E187520BB2DCA00C66F9A /* Release */ = {
			isa = XCBuildConfiguration;
			buildSettings = {
				ALWAYS_SEARCH_USER_PATHS = NO;
				CLANG_ANALYZER_NONNULL = YES;
				CLANG_ANALYZER_NUMBER_OBJECT_CONVERSION = YES_AGGRESSIVE;
				CLANG_CXX_LANGUAGE_STANDARD = "gnu++14";
				CLANG_CXX_LIBRARY = "libc++";
				CLANG_ENABLE_MODULES = YES;
				CLANG_ENABLE_OBJC_ARC = YES;
				CLANG_ENABLE_OBJC_WEAK = YES;
				CLANG_WARN_BLOCK_CAPTURE_AUTORELEASING = YES;
				CLANG_WARN_BOOL_CONVERSION = YES;
				CLANG_WARN_COMMA = YES;
				CLANG_WARN_CONSTANT_CONVERSION = YES;
				CLANG_WARN_DEPRECATED_OBJC_IMPLEMENTATIONS = YES;
				CLANG_WARN_DIRECT_OBJC_ISA_USAGE = YES_ERROR;
				CLANG_WARN_DOCUMENTATION_COMMENTS = YES;
				CLANG_WARN_EMPTY_BODY = YES;
				CLANG_WARN_ENUM_CONVERSION = YES;
				CLANG_WARN_INFINITE_RECURSION = YES;
				CLANG_WARN_INT_CONVERSION = YES;
				CLANG_WARN_NON_LITERAL_NULL_CONVERSION = YES;
				CLANG_WARN_OBJC_IMPLICIT_RETAIN_SELF = YES;
				CLANG_WARN_OBJC_LITERAL_CONVERSION = YES;
				CLANG_WARN_OBJC_ROOT_CLASS = YES_ERROR;
				CLANG_WARN_RANGE_LOOP_ANALYSIS = YES;
				CLANG_WARN_STRICT_PROTOTYPES = YES;
				CLANG_WARN_SUSPICIOUS_MOVE = YES;
				CLANG_WARN_UNGUARDED_AVAILABILITY = YES_AGGRESSIVE;
				CLANG_WARN_UNREACHABLE_CODE = YES;
				CLANG_WARN__DUPLICATE_METHOD_MATCH = YES;
				CODE_SIGN_IDENTITY = "iPhone Developer";
				COPY_PHASE_STRIP = NO;
				DEBUG_INFORMATION_FORMAT = "dwarf-with-dsym";
				ENABLE_NS_ASSERTIONS = NO;
				ENABLE_STRICT_OBJC_MSGSEND = YES;
				GCC_C_LANGUAGE_STANDARD = gnu11;
				GCC_NO_COMMON_BLOCKS = YES;
				GCC_WARN_64_TO_32_BIT_CONVERSION = YES;
				GCC_WARN_ABOUT_RETURN_TYPE = YES_ERROR;
				GCC_WARN_UNDECLARED_SELECTOR = YES;
				GCC_WARN_UNINITIALIZED_AUTOS = YES_AGGRESSIVE;
				GCC_WARN_UNUSED_FUNCTION = YES;
				GCC_WARN_UNUSED_VARIABLE = YES;
				IPHONEOS_DEPLOYMENT_TARGET = 11.3;
				MTL_ENABLE_DEBUG_INFO = NO;
				SDKROOT = iphoneos;
				SWIFT_COMPILATION_MODE = wholemodule;
				SWIFT_OPTIMIZATION_LEVEL = "-O";
				VALIDATE_PRODUCT = YES;
			};
			name = Release;
		};
		2F3E187720BB2DCA00C66F9A /* Debug */ = {
			isa = XCBuildConfiguration;
			baseConfigurationReference = C5DB7AA2C613D253423B3082 /* Pods-NoBurns.debug.xcconfig */;
			buildSettings = {
				ASSETCATALOG_COMPILER_APPICON_NAME = AppIcon;
				CODE_SIGN_STYLE = Automatic;
				DEVELOPMENT_TEAM = WVB94P2VKT;
				INFOPLIST_FILE = NoBurns/Info.plist;
				LD_RUNPATH_SEARCH_PATHS = (
					"$(inherited)",
					"@executable_path/Frameworks",
				);
				PRODUCT_BUNDLE_IDENTIFIER = com.arminspahic.Todoey.NoBurns;
				PRODUCT_NAME = "$(TARGET_NAME)";
				SWIFT_VERSION = 4.0;
				TARGETED_DEVICE_FAMILY = "1,2";
			};
			name = Debug;
		};
		2F3E187820BB2DCA00C66F9A /* Release */ = {
			isa = XCBuildConfiguration;
			baseConfigurationReference = 6BA0B525F4BE64F9F79328EC /* Pods-NoBurns.release.xcconfig */;
			buildSettings = {
				ASSETCATALOG_COMPILER_APPICON_NAME = AppIcon;
				CODE_SIGN_STYLE = Automatic;
				DEVELOPMENT_TEAM = WVB94P2VKT;
				INFOPLIST_FILE = NoBurns/Info.plist;
				LD_RUNPATH_SEARCH_PATHS = (
					"$(inherited)",
					"@executable_path/Frameworks",
				);
				PRODUCT_BUNDLE_IDENTIFIER = com.arminspahic.Todoey.NoBurns;
				PRODUCT_NAME = "$(TARGET_NAME)";
				SWIFT_VERSION = 4.0;
				TARGETED_DEVICE_FAMILY = "1,2";
			};
			name = Release;
		};
/* End XCBuildConfiguration section */

/* Begin XCConfigurationList section */
		2F3E185C20BB2DC600C66F9A /* Build configuration list for PBXProject "NoBurns" */ = {
			isa = XCConfigurationList;
			buildConfigurations = (
				2F3E187420BB2DCA00C66F9A /* Debug */,
				2F3E187520BB2DCA00C66F9A /* Release */,
			);
			defaultConfigurationIsVisible = 0;
			defaultConfigurationName = Release;
		};
		2F3E187620BB2DCA00C66F9A /* Build configuration list for PBXNativeTarget "NoBurns" */ = {
			isa = XCConfigurationList;
			buildConfigurations = (
				2F3E187720BB2DCA00C66F9A /* Debug */,
				2F3E187820BB2DCA00C66F9A /* Release */,
			);
			defaultConfigurationIsVisible = 0;
			defaultConfigurationName = Release;
		};
/* End XCConfigurationList section */

/* Begin XCVersionGroup section */
		2F3E186B20BB2DC600C66F9A /* NoBurns.xcdatamodeld */ = {
			isa = XCVersionGroup;
			children = (
				2F3E186C20BB2DC600C66F9A /* NoBurns.xcdatamodel */,
			);
			currentVersion = 2F3E186C20BB2DC600C66F9A /* NoBurns.xcdatamodel */;
			path = NoBurns.xcdatamodeld;
			sourceTree = "<group>";
			versionGroupType = wrapper.xcdatamodel;
		};
/* End XCVersionGroup section */
	};
	rootObject = 2F3E185920BB2DC600C66F9A /* Project object */;
}
